
Microsoft Visual Studio Solution File, Format Version 12.00
# Visual Studio Version 17
VisualStudioVersion = 17.3.32901.215
MinimumVisualStudioVersion = 10.0.40219.1
Project("{2150E333-8FDC-42A3-9474-1A3956D46DE8}") = "src", "src", "{726BDA5E-4910-4169-8515-4A8F55D49BBB}"
EndProject
Project("{2150E333-8FDC-42A3-9474-1A3956D46DE8}") = "test", "test", "{73C2667E-33EA-49FF-8F3B-E929C22DC71B}"
EndProject
Project("{FAE04EC0-301F-11D3-BF4B-00C04F79EFBC}") = "GuardChain", "src\GuardChain.csproj", "{D9F3144E-F261-42D6-9975-CA717061C86E}"
EndProject
Project("{FAE04EC0-301F-11D3-BF4B-00C04F79EFBC}") = "GuardChain.Tests", "test\GuardChain.Tests.csproj", "{9209562D-A6A1-48E7-BB29-C7227CBCC8D6}"
EndProject
Global
	GlobalSection(SolutionConfigurationPlatforms) = preSolution
		Debug|Any CPU = Debug|Any CPU
		Release|Any CPU = Release|Any CPU
	EndGlobalSection
	GlobalSection(ProjectConfigurationPlatforms) = postSolution
		{D9F3144E-F261-42D6-9975-CA717061C86E}.Debug|Any CPU.ActiveCfg = Debug|Any CPU
		{D9F3144E-F261-42D6-9975-CA717061C86E}.Debug|Any CPU.Build.0 = Debug|Any CPU
		{D9F3144E-F261-42D6-9975-CA717061C86E}.Release|Any CPU.ActiveCfg = Release|Any CPU
		{D9F3144E-F261-42D6-9975-CA717061C86E}.Release|Any CPU.Build.0 = Release|Any CPU
		{9209562D-A6A1-48E7-BB29-C7227CBCC8D6}.Debug|Any CPU.ActiveCfg = Debug|Any CPU
		{9209562D-A6A1-48E7-BB29-C7227CBCC8D6}.Debug|Any CPU.Build.0 = Debug|Any CPU
		{9209562D-A6A1-48E7-BB29-C7227CBCC8D6}.Release|Any CPU.ActiveCfg = Release|Any CPU
		{9209562D-A6A1-48E7-BB29-C7227CBCC8D6}.Release|Any CPU.Build.0 = Release|Any CPU
	EndGlobalSection
	GlobalSection(SolutionProperties) = preSolution
		HideSolutionNode = FALSE
	EndGlobalSection
	GlobalSection(NestedProjects) = preSolution
		{D9F3144E-F261-42D6-9975-CA717061C86E} = {726BDA5E-4910-4169-8515-4A8F55D49BBB}
		{9209562D-A6A1-48E7-BB29-C7227CBCC8D6} = {73C2667E-33EA-49FF-8F3B-E929C22DC71B}
	EndGlobalSection
	GlobalSection(ExtensibilityGlobals) = postSolution
		SolutionGuid = {AA783B2E-F318-4E90-96AB-D5612E23EDA7}
	EndGlobalSection
EndGlobal
