
Microsoft Visual Studio Solution File, Format Version 12.00
# Visual Studio Version 16
VisualStudioVersion = 16.0.30711.63
MinimumVisualStudioVersion = 10.0.40219.1
Project("{2150E333-8FDC-42A3-9474-1A3956D46DE8}") = "src", "src", "{44AF8281-C9A1-4971-9DF9-62A4BEF1EBB7}"
EndProject
Project("{9A19103F-16F7-4668-BE54-9A1E7A4F7556}") = "GuardChain", "src\GuardChain\GuardChain.csproj", "{F10ED253-F8A1-403C-8EF2-1195A4370D7B}"
EndProject
Project("{2150E333-8FDC-42A3-9474-1A3956D46DE8}") = "test", "test", "{5DF591FB-C3E3-455C-B06F-C61B7DA86FD2}"
EndProject
Project("{9A19103F-16F7-4668-BE54-9A1E7A4F7556}") = "GuardChain.Tests", "test\GuardChain.Tests\GuardChain.Tests.csproj", "{DEFDFE2E-B27A-4D83-8E58-8C8DB62F3F85}"
EndProject
Global
	GlobalSection(SolutionConfigurationPlatforms) = preSolution
		Debug|Any CPU = Debug|Any CPU
		Release|Any CPU = Release|Any CPU
	EndGlobalSection
	GlobalSection(ProjectConfigurationPlatforms) = postSolution
		{F10ED253-F8A1-403C-8EF2-1195A4370D7B}.Debug|Any CPU.ActiveCfg = Debug|Any CPU
		{F10ED253-F8A1-403C-8EF2-1195A4370D7B}.Debug|Any CPU.Build.0 = Debug|Any CPU
		{F10ED253-F8A1-403C-8EF2-1195A4370D7B}.Release|Any CPU.ActiveCfg = Release|Any CPU
		{F10ED253-F8A1-403C-8EF2-1195A4370D7B}.Release|Any CPU.Build.0 = Release|Any CPU
		{DEFDFE2E-B27A-4D83-8E58-8C8DB62F3F85}.Debug|Any CPU.ActiveCfg = Debug|Any CPU
		{DEFDFE2E-B27A-4D83-8E58-8C8DB62F3F85}.Debug|Any CPU.Build.0 = Debug|Any CPU
		{DEFDFE2E-B27A-4D83-8E58-8C8DB62F3F85}.Release|Any CPU.ActiveCfg = Release|Any CPU
		{DEFDFE2E-B27A-4D83-8E58-8C8DB62F3F85}.Release|Any CPU.Build.0 = Release|Any CPU
	EndGlobalSection
	GlobalSection(SolutionProperties) = preSolution
		HideSolutionNode = FALSE
	EndGlobalSection
	GlobalSection(NestedProjects) = preSolution
		{F10ED253-F8A1-403C-8EF2-1195A4370D7B} = {44AF8281-C9A1-4971-9DF9-62A4BEF1EBB7}
		{DEFDFE2E-B27A-4D83-8E58-8C8DB62F3F85} = {5DF591FB-C3E3-455C-B06F-C61B7DA86FD2}
	EndGlobalSection
	GlobalSection(ExtensibilityGlobals) = postSolution
		SolutionGuid = {28CBF521-33E9-49F6-8EE3-40FF104A2853}
	EndGlobalSection
EndGlobal
